
Microsoft Visual Studio Solution File, Format Version 12.00
# Visual Studio Version 17
VisualStudioVersion = 17.9.34723.18
MinimumVisualStudioVersion = 10.0.40219.1
Project("{FAE04EC0-301F-11D3-BF4B-00C04F79EFBC}") = "ControleDeEquipamentos", "ControleDeEquipamentos\ControleDeEquipamentos.csproj", "{863659FC-621F-40D4-BBFB-37DB0A9D772B}"
EndProject
Global
	GlobalSection(SolutionConfigurationPlatforms) = preSolution
		Debug|Any CPU = Debug|Any CPU
		Release|Any CPU = Release|Any CPU
	EndGlobalSection
	GlobalSection(ProjectConfigurationPlatforms) = postSolution
		{863659FC-621F-40D4-BBFB-37DB0A9D772B}.Debug|Any CPU.ActiveCfg = Debug|Any CPU
		{863659FC-621F-40D4-BBFB-37DB0A9D772B}.Debug|Any CPU.Build.0 = Debug|Any CPU
		{863659FC-621F-40D4-BBFB-37DB0A9D772B}.Release|Any CPU.ActiveCfg = Release|Any CPU
		{863659FC-621F-40D4-BBFB-37DB0A9D772B}.Release|Any CPU.Build.0 = Release|Any CPU
	EndGlobalSection
	GlobalSection(SolutionProperties) = preSolution
		HideSolutionNode = FALSE
	EndGlobalSection
	GlobalSection(ExtensibilityGlobals) = postSolution
		SolutionGuid = {A09ED975-C96E-4769-9935-F36643F30033}
	EndGlobalSection
EndGlobal
